
Microsoft Visual Studio Solution File, Format Version 12.00
# Visual Studio Version 16
VisualStudioVersion = 16.0.31624.102
MinimumVisualStudioVersion = 10.0.40219.1
Project("{FAE04EC0-301F-11D3-BF4B-00C04F79EFBC}") = "Task 7", "Task 7.csproj", "{1F9C029F-7FB6-42EA-A7EF-9E830836D16F}"
EndProject
Global
	GlobalSection(SolutionConfigurationPlatforms) = preSolution
		Debug|Any CPU = Debug|Any CPU
		Release|Any CPU = Release|Any CPU
	EndGlobalSection
	GlobalSection(ProjectConfigurationPlatforms) = postSolution
		{1F9C029F-7FB6-42EA-A7EF-9E830836D16F}.Debug|Any CPU.ActiveCfg = Debug|Any CPU
		{1F9C029F-7FB6-42EA-A7EF-9E830836D16F}.Debug|Any CPU.Build.0 = Debug|Any CPU
		{1F9C029F-7FB6-42EA-A7EF-9E830836D16F}.Release|Any CPU.ActiveCfg = Release|Any CPU
		{1F9C029F-7FB6-42EA-A7EF-9E830836D16F}.Release|Any CPU.Build.0 = Release|Any CPU
	EndGlobalSection
	GlobalSection(SolutionProperties) = preSolution
		HideSolutionNode = FALSE
	EndGlobalSection
	GlobalSection(ExtensibilityGlobals) = postSolution
		SolutionGuid = {3938D741-BCD8-4F0A-A56D-1323F2286C18}
	EndGlobalSection
EndGlobal
