
Microsoft Visual Studio Solution File, Format Version 12.00
Project("{FAE04EC0-301F-11D3-BF4B-00C04F79EFBC}") = "Task6", "Task6.csproj", "{A884738D-270D-4494-A8E5-76CDEBBEEEA7}"
EndProject
Global
	GlobalSection(SolutionConfigurationPlatforms) = preSolution
		Debug|Any CPU = Debug|Any CPU
		Release|Any CPU = Release|Any CPU
	EndGlobalSection
	GlobalSection(ProjectConfigurationPlatforms) = postSolution
		{A884738D-270D-4494-A8E5-76CDEBBEEEA7}.Debug|Any CPU.ActiveCfg = Debug|Any CPU
		{A884738D-270D-4494-A8E5-76CDEBBEEEA7}.Debug|Any CPU.Build.0 = Debug|Any CPU
		{A884738D-270D-4494-A8E5-76CDEBBEEEA7}.Release|Any CPU.ActiveCfg = Release|Any CPU
		{A884738D-270D-4494-A8E5-76CDEBBEEEA7}.Release|Any CPU.Build.0 = Release|Any CPU
	EndGlobalSection
EndGlobal
