
Microsoft Visual Studio Solution File, Format Version 12.00
# Visual Studio Version 16
VisualStudioVersion = 16.0.31624.102
MinimumVisualStudioVersion = 10.0.40219.1
Project("{FAE04EC0-301F-11D3-BF4B-00C04F79EFBC}") = "Task1", "Task1.csproj", "{104D0486-E492-432D-A7B1-FAB5C45888BA}"
EndProject
Global
	GlobalSection(SolutionConfigurationPlatforms) = preSolution
		Debug|Any CPU = Debug|Any CPU
		Release|Any CPU = Release|Any CPU
	EndGlobalSection
	GlobalSection(ProjectConfigurationPlatforms) = postSolution
		{104D0486-E492-432D-A7B1-FAB5C45888BA}.Debug|Any CPU.ActiveCfg = Debug|Any CPU
		{104D0486-E492-432D-A7B1-FAB5C45888BA}.Debug|Any CPU.Build.0 = Debug|Any CPU
		{104D0486-E492-432D-A7B1-FAB5C45888BA}.Release|Any CPU.ActiveCfg = Release|Any CPU
		{104D0486-E492-432D-A7B1-FAB5C45888BA}.Release|Any CPU.Build.0 = Release|Any CPU
	EndGlobalSection
	GlobalSection(SolutionProperties) = preSolution
		HideSolutionNode = FALSE
	EndGlobalSection
	GlobalSection(ExtensibilityGlobals) = postSolution
		SolutionGuid = {FAF5C37C-CB81-47B7-A733-1AA70AC4DA3A}
	EndGlobalSection
EndGlobal
