
Microsoft Visual Studio Solution File, Format Version 12.00
# Visual Studio Version 16
VisualStudioVersion = 16.0.31624.102
MinimumVisualStudioVersion = 10.0.40219.1
Project("{FAE04EC0-301F-11D3-BF4B-00C04F79EFBC}") = "Task4", "Task4.csproj", "{D06B5C5E-C8D0-486A-B937-DCFD21224DF4}"
EndProject
Global
	GlobalSection(SolutionConfigurationPlatforms) = preSolution
		Debug|Any CPU = Debug|Any CPU
		Release|Any CPU = Release|Any CPU
	EndGlobalSection
	GlobalSection(ProjectConfigurationPlatforms) = postSolution
		{D06B5C5E-C8D0-486A-B937-DCFD21224DF4}.Debug|Any CPU.ActiveCfg = Debug|Any CPU
		{D06B5C5E-C8D0-486A-B937-DCFD21224DF4}.Debug|Any CPU.Build.0 = Debug|Any CPU
		{D06B5C5E-C8D0-486A-B937-DCFD21224DF4}.Release|Any CPU.ActiveCfg = Release|Any CPU
		{D06B5C5E-C8D0-486A-B937-DCFD21224DF4}.Release|Any CPU.Build.0 = Release|Any CPU
	EndGlobalSection
	GlobalSection(SolutionProperties) = preSolution
		HideSolutionNode = FALSE
	EndGlobalSection
	GlobalSection(ExtensibilityGlobals) = postSolution
		SolutionGuid = {33E291BC-B7CF-4696-A2FB-D319E3635F94}
	EndGlobalSection
EndGlobal
