
Microsoft Visual Studio Solution File, Format Version 12.00
Project("{FAE04EC0-301F-11D3-BF4B-00C04F79EFBC}") = "Task1", "Task1.csproj", "{ED69B937-AE03-485D-9F68-C10011E414FB}"
EndProject
Global
	GlobalSection(SolutionConfigurationPlatforms) = preSolution
		Debug|Any CPU = Debug|Any CPU
		Release|Any CPU = Release|Any CPU
	EndGlobalSection
	GlobalSection(ProjectConfigurationPlatforms) = postSolution
		{ED69B937-AE03-485D-9F68-C10011E414FB}.Debug|Any CPU.ActiveCfg = Debug|Any CPU
		{ED69B937-AE03-485D-9F68-C10011E414FB}.Debug|Any CPU.Build.0 = Debug|Any CPU
		{ED69B937-AE03-485D-9F68-C10011E414FB}.Release|Any CPU.ActiveCfg = Release|Any CPU
		{ED69B937-AE03-485D-9F68-C10011E414FB}.Release|Any CPU.Build.0 = Release|Any CPU
	EndGlobalSection
EndGlobal
